
Microsoft Visual Studio Solution File, Format Version 12.00
Project("{FAE04EC0-301F-11D3-BF4B-00C04F79EFBC}") = "MinhaPrimeiraApi", "MinhaPrimeiraApi\MinhaPrimeiraApi.csproj", "{98031012-F53C-46CC-8825-B57E440DA7B6}"
EndProject
Global
	GlobalSection(SolutionConfigurationPlatforms) = preSolution
		Debug|Any CPU = Debug|Any CPU
		Release|Any CPU = Release|Any CPU
	EndGlobalSection
	GlobalSection(ProjectConfigurationPlatforms) = postSolution
		{98031012-F53C-46CC-8825-B57E440DA7B6}.Debug|Any CPU.ActiveCfg = Debug|Any CPU
		{98031012-F53C-46CC-8825-B57E440DA7B6}.Debug|Any CPU.Build.0 = Debug|Any CPU
		{98031012-F53C-46CC-8825-B57E440DA7B6}.Release|Any CPU.ActiveCfg = Release|Any CPU
		{98031012-F53C-46CC-8825-B57E440DA7B6}.Release|Any CPU.Build.0 = Release|Any CPU
	EndGlobalSection
EndGlobal
